
Microsoft Visual Studio Solution File, Format Version 12.00
# Visual Studio 2013
VisualStudioVersion = 12.0.40629.0
MinimumVisualStudioVersion = 10.0.40219.1
Project("{FAE04EC0-301F-11D3-BF4B-00C04F79EFBC}") = "ChatApplication", "ChatApplication\ChatApplication.csproj", "{9A9C1E8B-BD0F-4E3B-B0B7-C9F1B4BB37B2}"
EndProject
Project("{FAE04EC0-301F-11D3-BF4B-00C04F79EFBC}") = "DataAccess", "DataAccess\DataAccess.csproj", "{884DDA12-8287-4DBE-BE83-72C7782A7B39}"
EndProject
Project("{FAE04EC0-301F-11D3-BF4B-00C04F79EFBC}") = "BusinessLogic", "BusinessLogic\BusinessLogic.csproj", "{70E99D4F-788E-4EA9-BB44-392C6D8FDE41}"
EndProject
Global
	GlobalSection(SolutionConfigurationPlatforms) = preSolution
		Debug|Any CPU = Debug|Any CPU
		Release|Any CPU = Release|Any CPU
	EndGlobalSection
	GlobalSection(ProjectConfigurationPlatforms) = postSolution
		{9A9C1E8B-BD0F-4E3B-B0B7-C9F1B4BB37B2}.Debug|Any CPU.ActiveCfg = Debug|Any CPU
		{9A9C1E8B-BD0F-4E3B-B0B7-C9F1B4BB37B2}.Debug|Any CPU.Build.0 = Debug|Any CPU
		{9A9C1E8B-BD0F-4E3B-B0B7-C9F1B4BB37B2}.Release|Any CPU.ActiveCfg = Release|Any CPU
		{9A9C1E8B-BD0F-4E3B-B0B7-C9F1B4BB37B2}.Release|Any CPU.Build.0 = Release|Any CPU
		{884DDA12-8287-4DBE-BE83-72C7782A7B39}.Debug|Any CPU.ActiveCfg = Debug|Any CPU
		{884DDA12-8287-4DBE-BE83-72C7782A7B39}.Debug|Any CPU.Build.0 = Debug|Any CPU
		{884DDA12-8287-4DBE-BE83-72C7782A7B39}.Release|Any CPU.ActiveCfg = Release|Any CPU
		{884DDA12-8287-4DBE-BE83-72C7782A7B39}.Release|Any CPU.Build.0 = Release|Any CPU
		{70E99D4F-788E-4EA9-BB44-392C6D8FDE41}.Debug|Any CPU.ActiveCfg = Debug|Any CPU
		{70E99D4F-788E-4EA9-BB44-392C6D8FDE41}.Debug|Any CPU.Build.0 = Debug|Any CPU
		{70E99D4F-788E-4EA9-BB44-392C6D8FDE41}.Release|Any CPU.ActiveCfg = Release|Any CPU
		{70E99D4F-788E-4EA9-BB44-392C6D8FDE41}.Release|Any CPU.Build.0 = Release|Any CPU
	EndGlobalSection
	GlobalSection(SolutionProperties) = preSolution
		HideSolutionNode = FALSE
	EndGlobalSection
EndGlobal
